
Microsoft Visual Studio Solution File, Format Version 12.00
# Visual Studio Version 17
VisualStudioVersion = 17.5.002.0
MinimumVisualStudioVersion = 10.0.40219.1
Project("{9A19103F-16F7-4668-BE54-9A1E7A4F7556}") = "sistema_tienda", "sistema_tienda\sistema_tienda.csproj", "{3DEB98B2-C704-4F77-8949-E315418B5181}"
EndProject
Project("{9A19103F-16F7-4668-BE54-9A1E7A4F7556}") = "tests", "tests\tests.csproj", "{C3C559BE-D935-4D62-9F1F-61E570A4F497}"
EndProject
Global
	GlobalSection(SolutionConfigurationPlatforms) = preSolution
		Debug|Any CPU = Debug|Any CPU
		Release|Any CPU = Release|Any CPU
	EndGlobalSection
	GlobalSection(ProjectConfigurationPlatforms) = postSolution
		{3DEB98B2-C704-4F77-8949-E315418B5181}.Debug|Any CPU.ActiveCfg = Debug|Any CPU
		{3DEB98B2-C704-4F77-8949-E315418B5181}.Debug|Any CPU.Build.0 = Debug|Any CPU
		{3DEB98B2-C704-4F77-8949-E315418B5181}.Release|Any CPU.ActiveCfg = Release|Any CPU
		{3DEB98B2-C704-4F77-8949-E315418B5181}.Release|Any CPU.Build.0 = Release|Any CPU
		{C3C559BE-D935-4D62-9F1F-61E570A4F497}.Debug|Any CPU.ActiveCfg = Debug|Any CPU
		{C3C559BE-D935-4D62-9F1F-61E570A4F497}.Debug|Any CPU.Build.0 = Debug|Any CPU
		{C3C559BE-D935-4D62-9F1F-61E570A4F497}.Release|Any CPU.ActiveCfg = Release|Any CPU
		{C3C559BE-D935-4D62-9F1F-61E570A4F497}.Release|Any CPU.Build.0 = Release|Any CPU
	EndGlobalSection
	GlobalSection(SolutionProperties) = preSolution
		HideSolutionNode = FALSE
	EndGlobalSection
	GlobalSection(ExtensibilityGlobals) = postSolution
		SolutionGuid = {D92BC19F-8F87-4B00-B6FF-657BF2787F1C}
	EndGlobalSection
EndGlobal
